
Microsoft Visual Studio Solution File, Format Version 12.00
# Visual Studio 15
VisualStudioVersion = 15.0.28010.0
MinimumVisualStudioVersion = 10.0.40219.1
Project("{9A19103F-16F7-4668-BE54-9A1E7A4F7556}") = "HenaWebsite", "HenaWebsite\HenaWebsite.csproj", "{DB2C2FFF-DA6C-4DEE-9FCD-5600EE8978B0}"
EndProject
Project("{9A19103F-16F7-4668-BE54-9A1E7A4F7556}") = "HenaLibrary", "HenaLibrary\HenaLibrary.csproj", "{28141045-EB97-4936-9885-EA283894DCA5}"
EndProject
Project("{9A19103F-16F7-4668-BE54-9A1E7A4F7556}") = "HenaDatabaseLibrary", "HenaDatabaseLibrary\HenaDatabaseLibrary.csproj", "{D0B66C7D-E49D-475D-8234-222C63ECEF8B}"
EndProject
Project("{9A19103F-16F7-4668-BE54-9A1E7A4F7556}") = "HenaSharedModels", "HenaSharedModels\HenaSharedModels.csproj", "{1070D5B3-1087-4C6C-A3A3-37556133BFF6}"
EndProject
Project("{9A19103F-16F7-4668-BE54-9A1E7A4F7556}") = "HenaTestCode", "HenaTestCode\HenaTestCode.csproj", "{898C1CEE-1348-4D21-AC7C-85013B944CCA}"
EndProject
Project("{FAE04EC0-301F-11D3-BF4B-00C04F79EFBC}") = "HenaAICRestAPI", "HenaAICRestAPI\HenaAICRestAPI.csproj", "{1E9F999D-3CBB-4D11-822F-7A6E183C4F99}"
EndProject
Global
	GlobalSection(SolutionConfigurationPlatforms) = preSolution
		Debug|Any CPU = Debug|Any CPU
		Release|Any CPU = Release|Any CPU
	EndGlobalSection
	GlobalSection(ProjectConfigurationPlatforms) = postSolution
		{DB2C2FFF-DA6C-4DEE-9FCD-5600EE8978B0}.Debug|Any CPU.ActiveCfg = Debug|Any CPU
		{DB2C2FFF-DA6C-4DEE-9FCD-5600EE8978B0}.Debug|Any CPU.Build.0 = Debug|Any CPU
		{DB2C2FFF-DA6C-4DEE-9FCD-5600EE8978B0}.Release|Any CPU.ActiveCfg = Release|Any CPU
		{DB2C2FFF-DA6C-4DEE-9FCD-5600EE8978B0}.Release|Any CPU.Build.0 = Release|Any CPU
		{28141045-EB97-4936-9885-EA283894DCA5}.Debug|Any CPU.ActiveCfg = Debug|Any CPU
		{28141045-EB97-4936-9885-EA283894DCA5}.Debug|Any CPU.Build.0 = Debug|Any CPU
		{28141045-EB97-4936-9885-EA283894DCA5}.Release|Any CPU.ActiveCfg = Release|Any CPU
		{28141045-EB97-4936-9885-EA283894DCA5}.Release|Any CPU.Build.0 = Release|Any CPU
		{D0B66C7D-E49D-475D-8234-222C63ECEF8B}.Debug|Any CPU.ActiveCfg = Debug|Any CPU
		{D0B66C7D-E49D-475D-8234-222C63ECEF8B}.Debug|Any CPU.Build.0 = Debug|Any CPU
		{D0B66C7D-E49D-475D-8234-222C63ECEF8B}.Release|Any CPU.ActiveCfg = Release|Any CPU
		{D0B66C7D-E49D-475D-8234-222C63ECEF8B}.Release|Any CPU.Build.0 = Release|Any CPU
		{1070D5B3-1087-4C6C-A3A3-37556133BFF6}.Debug|Any CPU.ActiveCfg = Debug|Any CPU
		{1070D5B3-1087-4C6C-A3A3-37556133BFF6}.Debug|Any CPU.Build.0 = Debug|Any CPU
		{1070D5B3-1087-4C6C-A3A3-37556133BFF6}.Release|Any CPU.ActiveCfg = Release|Any CPU
		{1070D5B3-1087-4C6C-A3A3-37556133BFF6}.Release|Any CPU.Build.0 = Release|Any CPU
		{898C1CEE-1348-4D21-AC7C-85013B944CCA}.Debug|Any CPU.ActiveCfg = Debug|Any CPU
		{898C1CEE-1348-4D21-AC7C-85013B944CCA}.Debug|Any CPU.Build.0 = Debug|Any CPU
		{898C1CEE-1348-4D21-AC7C-85013B944CCA}.Release|Any CPU.ActiveCfg = Release|Any CPU
		{898C1CEE-1348-4D21-AC7C-85013B944CCA}.Release|Any CPU.Build.0 = Release|Any CPU
		{1E9F999D-3CBB-4D11-822F-7A6E183C4F99}.Debug|Any CPU.ActiveCfg = Debug|Any CPU
		{1E9F999D-3CBB-4D11-822F-7A6E183C4F99}.Debug|Any CPU.Build.0 = Debug|Any CPU
		{1E9F999D-3CBB-4D11-822F-7A6E183C4F99}.Release|Any CPU.ActiveCfg = Release|Any CPU
		{1E9F999D-3CBB-4D11-822F-7A6E183C4F99}.Release|Any CPU.Build.0 = Release|Any CPU
	EndGlobalSection
	GlobalSection(SolutionProperties) = preSolution
		HideSolutionNode = FALSE
	EndGlobalSection
	GlobalSection(ExtensibilityGlobals) = postSolution
		SolutionGuid = {BFA24D7E-610B-40AA-BB5B-723DF6D3FB89}
	EndGlobalSection
EndGlobal
